{
  "version": 4,
  "terraform_version": "1.9.4",
  "serial": 18,
  "lineage": "8662b53d-647f-84b8-90a0-14a6bede404a",
  "outputs": {},
  "resources": [
    {
      "mode": "data",
      "type": "vercel_project_directory",
      "name": "build",
      "provider": "provider[\"registry.terraform.io/vercel/vercel\"]",
      "instances": [
        {
          "schema_version": 0,
          "attributes": {
            "files": {
              "..\\README.md": "1324~c3c4966871d478406a9faf1038e04f268904fef8",
              "..\\_sample_vercel_json": "147~1cf22df1cf7b6c5467c9a38e552267e050ee0428",
              "..\\infra\\_sample_main": "1714~948f4ce6839faf845db2c14c6795a4db08da1c4f",
              "..\\infra\\main.tf": "1133~ba8afa53cd9be44c0d0ac28111ff36d22dd8cc95",
              "..\\main.py": "6872~ded7addb07715dc7599ec1e9d70676bd6edf22e1",
              "..\\modelo_iris.pkl": "991~0f5984b43f83f4140eaada8b43abcec150a95723",
              "..\\modelos.ipynb": "33451~4e50a6a3ae47c1a9e45aed689c62ca0d14bfd5c9",
              "..\\poetry.lock": "74431~7e855c713b4ca61d93436f11c0c9c6b395640973",
              "..\\predictions.db": "8192~728c44e32884eff958783c900e047e69b84180d7",
              "..\\pyproject.toml": "639~7993ab82cc5333ada0953bbe677a43709eb3eadd",
              "..\\requests-api.http": "773~b0785e1ba3629ced19ceda0e03f29549aaf1175e",
              "..\\requirements.txt": "1250~03cf79ec6f75af726755ff739a40f937c60971d0",
              "..\\vercel-requests-api.http": "825~4a202df7623d93f8c7b2214d845e0228fb304d4e",
              "..\\vercel.token": "24~b19f89654027cc7466db4390689e6e4a9e62211a"
            },
            "id": "../",
            "path": "../"
          },
          "sensitive_attributes": []
        }
      ]
    },
    {
      "mode": "managed",
      "type": "vercel_deployment",
      "name": "deploy",
      "provider": "provider[\"registry.terraform.io/vercel/vercel\"]",
      "instances": [
        {
          "schema_version": 0,
          "attributes": {
            "delete_on_destroy": null,
            "domains": [
              "fastapi-curso-4.vercel.app",
              "fastapi-curso-4-sostenes-goncalves-de-souzas-projects.vercel.app"
            ],
            "environment": null,
            "files": {
              "..\\README.md": "1324~c3c4966871d478406a9faf1038e04f268904fef8",
              "..\\_sample_vercel_json": "147~1cf22df1cf7b6c5467c9a38e552267e050ee0428",
              "..\\infra\\_sample_main": "1714~948f4ce6839faf845db2c14c6795a4db08da1c4f",
              "..\\infra\\main.tf": "1133~ba8afa53cd9be44c0d0ac28111ff36d22dd8cc95",
              "..\\main.py": "6872~ded7addb07715dc7599ec1e9d70676bd6edf22e1",
              "..\\modelo_iris.pkl": "991~0f5984b43f83f4140eaada8b43abcec150a95723",
              "..\\modelos.ipynb": "33451~4e50a6a3ae47c1a9e45aed689c62ca0d14bfd5c9",
              "..\\poetry.lock": "74431~7e855c713b4ca61d93436f11c0c9c6b395640973",
              "..\\predictions.db": "8192~728c44e32884eff958783c900e047e69b84180d7",
              "..\\pyproject.toml": "639~7993ab82cc5333ada0953bbe677a43709eb3eadd",
              "..\\requests-api.http": "773~b0785e1ba3629ced19ceda0e03f29549aaf1175e",
              "..\\requirements.txt": "1250~03cf79ec6f75af726755ff739a40f937c60971d0",
              "..\\vercel-requests-api.http": "825~4a202df7623d93f8c7b2214d845e0228fb304d4e",
              "..\\vercel.token": "24~b19f89654027cc7466db4390689e6e4a9e62211a"
            },
            "id": "dpl_BKUXSQx1bbJkY6WzwDq6aRafe9Lr",
            "path_prefix": "../",
            "production": true,
            "project_id": "prj_EAEbt93hNoj3MxCQr82cajos7q3I",
            "project_settings": null,
            "ref": null,
            "team_id": null,
            "url": "fastapi-curso-4-1s5z6o2i3-sostenes-goncalves-de-souzas-projects.vercel.app"
          },
          "sensitive_attributes": [],
          "dependencies": [
            "data.vercel_project_directory.build",
            "vercel_project.fastapi"
          ]
        }
      ]
    },
    {
      "mode": "managed",
      "type": "vercel_project",
      "name": "fastapi",
      "provider": "provider[\"registry.terraform.io/vercel/vercel\"]",
      "instances": [
        {
          "schema_version": 0,
          "attributes": {
            "auto_assign_custom_domains": true,
            "automatically_expose_system_environment_variables": false,
            "build_command": null,
            "customer_success_code_visibility": false,
            "dev_command": null,
            "directory_listing": false,
            "environment": null,
            "framework": "fastapi",
            "function_failover": false,
            "git_comments": null,
            "git_fork_protection": true,
            "git_lfs": false,
            "git_repository": null,
            "id": "prj_EAEbt93hNoj3MxCQr82cajos7q3I",
            "ignore_command": null,
            "install_command": null,
            "name": "fastapi-curso-4",
            "oidc_token_config": {
              "enabled": false
            },
            "options_allowlist": null,
            "output_directory": null,
            "password_protection": null,
            "preview_comments": null,
            "prioritise_production_builds": false,
            "protection_bypass_for_automation": null,
            "protection_bypass_for_automation_secret": null,
            "public_source": null,
            "resource_config": {
              "function_default_cpu_type": null,
              "function_default_timeout": null
            },
            "root_directory": null,
            "serverless_function_region": "iad1",
            "skew_protection": null,
            "team_id": null,
            "trusted_ips": null,
            "vercel_authentication": {
              "deployment_type": "standard_protection"
            }
          },
          "sensitive_attributes": []
        }
      ]
    },
    {
      "mode": "managed",
      "type": "vercel_project_environment_variable",
      "name": "disable_db",
      "provider": "provider[\"registry.terraform.io/vercel/vercel\"]",
      "instances": [
        {
          "schema_version": 0,
          "attributes": {
            "git_branch": null,
            "id": "K4tCZi308L6DBrK4",
            "key": "DISABLE_DB",
            "project_id": "prj_EAEbt93hNoj3MxCQr82cajos7q3I",
            "sensitive": false,
            "target": [
              "development",
              "preview",
              "production"
            ],
            "team_id": null,
            "value": "1"
          },
          "sensitive_attributes": [
            [
              {
                "type": "get_attr",
                "value": "value"
              }
            ]
          ],
          "dependencies": [
            "vercel_project.fastapi"
          ]
        }
      ]
    },
    {
      "mode": "managed",
      "type": "vercel_project_environment_variable",
      "name": "jwt_secret",
      "provider": "provider[\"registry.terraform.io/vercel/vercel\"]",
      "instances": [
        {
          "schema_version": 0,
          "attributes": {
            "git_branch": null,
            "id": "bV4SX1GVEG1r4nm0",
            "key": "JWT_SECRET",
            "project_id": "prj_EAEbt93hNoj3MxCQr82cajos7q3I",
            "sensitive": false,
            "target": [
              "development",
              "preview",
              "production"
            ],
            "team_id": null,
            "value": "MY_SECRET_HERE"
          },
          "sensitive_attributes": [
            [
              {
                "type": "get_attr",
                "value": "value"
              }
            ]
          ],
          "dependencies": [
            "vercel_project.fastapi"
          ]
        }
      ]
    }
  ],
  "check_results": null
}
